
Microsoft Visual Studio Solution File, Format Version 12.00
# Visual Studio Version 17
VisualStudioVersion = 17.0.31903.59
MinimumVisualStudioVersion = 10.0.40219.1
Project("{2150E333-8FDC-42A3-9474-1A3956D46DE8}") = "src", "src", "{827E0CD3-B72D-47B6-A68D-7590B98EB39B}"
EndProject
Project("{FAE04EC0-301F-11D3-BF4B-00C04F79EFBC}") = "RaiGuard.Core", "src\RaiGuard.Core\RaiGuard.Core.csproj", "{D624439F-248C-452A-9E1F-6F683BC71835}"
EndProject
Project("{FAE04EC0-301F-11D3-BF4B-00C04F79EFBC}") = "RaiGuard.CodeFixes", "src\RaiGuard.CodeFixes\RaiGuard.CodeFixes.csproj", "{10ACE193-F185-4419-A7D2-75B1C31E1389}"
EndProject
Project("{FAE04EC0-301F-11D3-BF4B-00C04F79EFBC}") = "RaiGuard.Package", "src\RaiGuard.Package\RaiGuard.Package.csproj", "{1F84AB41-2117-4E8A-9EE4-691F1558E481}"
EndProject
Project("{2150E333-8FDC-42A3-9474-1A3956D46DE8}") = "tests", "tests", "{0AB3BF05-4346-4AA6-1389-037BE0695223}"
EndProject
Project("{FAE04EC0-301F-11D3-BF4B-00C04F79EFBC}") = "RaiGuard.Tests", "tests\RaiGuard.Tests\RaiGuard.Tests.csproj", "{E006F744-2150-4B3D-A701-679349B25DF1}"
EndProject
Project("{FAE04EC0-301F-11D3-BF4B-00C04F79EFBC}") = "rail", "rail\rail.csproj", "{8A521549-5F85-4C76-B1B4-7A15791618DA}"
EndProject
Project("{FAE04EC0-301F-11D3-BF4B-00C04F79EFBC}") = "JsonPit", "..\JsonPit\JsonPit.csproj", "{4679CAEB-332C-4D70-A29F-EB57AFD51A50}"
EndProject
Project("{FAE04EC0-301F-11D3-BF4B-00C04F79EFBC}") = "OsLib", "..\OsLib\OsLib.csproj", "{62F91BB6-5C7C-4296-BC4A-13F124403BE2}"
EndProject
Project("{FAE04EC0-301F-11D3-BF4B-00C04F79EFBC}") = "RaiUtils", "..\RaiUtils\RaiUtils.csproj", "{787FA40B-01D8-457C-A00A-7B1F1E8D827E}"
EndProject
Project("{FAE04EC0-301F-11D3-BF4B-00C04F79EFBC}") = "RaiImage", "..\RaiImage\RaiImage.csproj", "{723A837F-9439-4010-9272-1B8EA63584A4}"
EndProject
Project("{FAE04EC0-301F-11D3-BF4B-00C04F79EFBC}") = "RaiDiagram", "..\RaiDiagram\RaiDiagram.csproj", "{60391A61-CB9A-4EFE-B289-4CA797E3A170}"
EndProject
Project("{FAE04EC0-301F-11D3-BF4B-00C04F79EFBC}") = "rail.Tests", "rail.Tests\rail.Tests.csproj", "{D55D3805-8170-465A-9B26-809548E70BBF}"
EndProject
Global
	GlobalSection(SolutionConfigurationPlatforms) = preSolution
		Debug|Any CPU = Debug|Any CPU
		Debug|x64 = Debug|x64
		Debug|x86 = Debug|x86
		Release|Any CPU = Release|Any CPU
		Release|x64 = Release|x64
		Release|x86 = Release|x86
	EndGlobalSection
	GlobalSection(ProjectConfigurationPlatforms) = postSolution
		{D624439F-248C-452A-9E1F-6F683BC71835}.Debug|Any CPU.ActiveCfg = Debug|Any CPU
		{D624439F-248C-452A-9E1F-6F683BC71835}.Debug|Any CPU.Build.0 = Debug|Any CPU
		{D624439F-248C-452A-9E1F-6F683BC71835}.Debug|x64.ActiveCfg = Debug|Any CPU
		{D624439F-248C-452A-9E1F-6F683BC71835}.Debug|x64.Build.0 = Debug|Any CPU
		{D624439F-248C-452A-9E1F-6F683BC71835}.Debug|x86.ActiveCfg = Debug|Any CPU
		{D624439F-248C-452A-9E1F-6F683BC71835}.Debug|x86.Build.0 = Debug|Any CPU
		{D624439F-248C-452A-9E1F-6F683BC71835}.Release|Any CPU.ActiveCfg = Release|Any CPU
		{D624439F-248C-452A-9E1F-6F683BC71835}.Release|Any CPU.Build.0 = Release|Any CPU
		{D624439F-248C-452A-9E1F-6F683BC71835}.Release|x64.ActiveCfg = Release|Any CPU
		{D624439F-248C-452A-9E1F-6F683BC71835}.Release|x64.Build.0 = Release|Any CPU
		{D624439F-248C-452A-9E1F-6F683BC71835}.Release|x86.ActiveCfg = Release|Any CPU
		{D624439F-248C-452A-9E1F-6F683BC71835}.Release|x86.Build.0 = Release|Any CPU
		{10ACE193-F185-4419-A7D2-75B1C31E1389}.Debug|Any CPU.ActiveCfg = Debug|Any CPU
		{10ACE193-F185-4419-A7D2-75B1C31E1389}.Debug|Any CPU.Build.0 = Debug|Any CPU
		{10ACE193-F185-4419-A7D2-75B1C31E1389}.Debug|x64.ActiveCfg = Debug|Any CPU
		{10ACE193-F185-4419-A7D2-75B1C31E1389}.Debug|x64.Build.0 = Debug|Any CPU
		{10ACE193-F185-4419-A7D2-75B1C31E1389}.Debug|x86.ActiveCfg = Debug|Any CPU
		{10ACE193-F185-4419-A7D2-75B1C31E1389}.Debug|x86.Build.0 = Debug|Any CPU
		{10ACE193-F185-4419-A7D2-75B1C31E1389}.Release|Any CPU.ActiveCfg = Release|Any CPU
		{10ACE193-F185-4419-A7D2-75B1C31E1389}.Release|Any CPU.Build.0 = Release|Any CPU
		{10ACE193-F185-4419-A7D2-75B1C31E1389}.Release|x64.ActiveCfg = Release|Any CPU
		{10ACE193-F185-4419-A7D2-75B1C31E1389}.Release|x64.Build.0 = Release|Any CPU
		{10ACE193-F185-4419-A7D2-75B1C31E1389}.Release|x86.ActiveCfg = Release|Any CPU
		{10ACE193-F185-4419-A7D2-75B1C31E1389}.Release|x86.Build.0 = Release|Any CPU
		{1F84AB41-2117-4E8A-9EE4-691F1558E481}.Debug|Any CPU.ActiveCfg = Debug|Any CPU
		{1F84AB41-2117-4E8A-9EE4-691F1558E481}.Debug|Any CPU.Build.0 = Debug|Any CPU
		{1F84AB41-2117-4E8A-9EE4-691F1558E481}.Debug|x64.ActiveCfg = Debug|Any CPU
		{1F84AB41-2117-4E8A-9EE4-691F1558E481}.Debug|x64.Build.0 = Debug|Any CPU
		{1F84AB41-2117-4E8A-9EE4-691F1558E481}.Debug|x86.ActiveCfg = Debug|Any CPU
		{1F84AB41-2117-4E8A-9EE4-691F1558E481}.Debug|x86.Build.0 = Debug|Any CPU
		{1F84AB41-2117-4E8A-9EE4-691F1558E481}.Release|Any CPU.ActiveCfg = Release|Any CPU
		{1F84AB41-2117-4E8A-9EE4-691F1558E481}.Release|Any CPU.Build.0 = Release|Any CPU
		{1F84AB41-2117-4E8A-9EE4-691F1558E481}.Release|x64.ActiveCfg = Release|Any CPU
		{1F84AB41-2117-4E8A-9EE4-691F1558E481}.Release|x64.Build.0 = Release|Any CPU
		{1F84AB41-2117-4E8A-9EE4-691F1558E481}.Release|x86.ActiveCfg = Release|Any CPU
		{1F84AB41-2117-4E8A-9EE4-691F1558E481}.Release|x86.Build.0 = Release|Any CPU
		{E006F744-2150-4B3D-A701-679349B25DF1}.Debug|Any CPU.ActiveCfg = Debug|Any CPU
		{E006F744-2150-4B3D-A701-679349B25DF1}.Debug|Any CPU.Build.0 = Debug|Any CPU
		{E006F744-2150-4B3D-A701-679349B25DF1}.Debug|x64.ActiveCfg = Debug|Any CPU
		{E006F744-2150-4B3D-A701-679349B25DF1}.Debug|x64.Build.0 = Debug|Any CPU
		{E006F744-2150-4B3D-A701-679349B25DF1}.Debug|x86.ActiveCfg = Debug|Any CPU
		{E006F744-2150-4B3D-A701-679349B25DF1}.Debug|x86.Build.0 = Debug|Any CPU
		{E006F744-2150-4B3D-A701-679349B25DF1}.Release|Any CPU.ActiveCfg = Release|Any CPU
		{E006F744-2150-4B3D-A701-679349B25DF1}.Release|Any CPU.Build.0 = Release|Any CPU
		{E006F744-2150-4B3D-A701-679349B25DF1}.Release|x64.ActiveCfg = Release|Any CPU
		{E006F744-2150-4B3D-A701-679349B25DF1}.Release|x64.Build.0 = Release|Any CPU
		{E006F744-2150-4B3D-A701-679349B25DF1}.Release|x86.ActiveCfg = Release|Any CPU
		{E006F744-2150-4B3D-A701-679349B25DF1}.Release|x86.Build.0 = Release|Any CPU
		{8A521549-5F85-4C76-B1B4-7A15791618DA}.Debug|Any CPU.ActiveCfg = Debug|Any CPU
		{8A521549-5F85-4C76-B1B4-7A15791618DA}.Debug|Any CPU.Build.0 = Debug|Any CPU
		{8A521549-5F85-4C76-B1B4-7A15791618DA}.Debug|x64.ActiveCfg = Debug|Any CPU
		{8A521549-5F85-4C76-B1B4-7A15791618DA}.Debug|x64.Build.0 = Debug|Any CPU
		{8A521549-5F85-4C76-B1B4-7A15791618DA}.Debug|x86.ActiveCfg = Debug|Any CPU
		{8A521549-5F85-4C76-B1B4-7A15791618DA}.Debug|x86.Build.0 = Debug|Any CPU
		{8A521549-5F85-4C76-B1B4-7A15791618DA}.Release|Any CPU.ActiveCfg = Release|Any CPU
		{8A521549-5F85-4C76-B1B4-7A15791618DA}.Release|Any CPU.Build.0 = Release|Any CPU
		{8A521549-5F85-4C76-B1B4-7A15791618DA}.Release|x64.ActiveCfg = Release|Any CPU
		{8A521549-5F85-4C76-B1B4-7A15791618DA}.Release|x64.Build.0 = Release|Any CPU
		{8A521549-5F85-4C76-B1B4-7A15791618DA}.Release|x86.ActiveCfg = Release|Any CPU
		{8A521549-5F85-4C76-B1B4-7A15791618DA}.Release|x86.Build.0 = Release|Any CPU
		{4679CAEB-332C-4D70-A29F-EB57AFD51A50}.Debug|Any CPU.ActiveCfg = Debug|Any CPU
		{4679CAEB-332C-4D70-A29F-EB57AFD51A50}.Debug|Any CPU.Build.0 = Debug|Any CPU
		{4679CAEB-332C-4D70-A29F-EB57AFD51A50}.Debug|x64.ActiveCfg = Debug|Any CPU
		{4679CAEB-332C-4D70-A29F-EB57AFD51A50}.Debug|x64.Build.0 = Debug|Any CPU
		{4679CAEB-332C-4D70-A29F-EB57AFD51A50}.Debug|x86.ActiveCfg = Debug|Any CPU
		{4679CAEB-332C-4D70-A29F-EB57AFD51A50}.Debug|x86.Build.0 = Debug|Any CPU
		{4679CAEB-332C-4D70-A29F-EB57AFD51A50}.Release|Any CPU.ActiveCfg = Release|Any CPU
		{4679CAEB-332C-4D70-A29F-EB57AFD51A50}.Release|Any CPU.Build.0 = Release|Any CPU
		{4679CAEB-332C-4D70-A29F-EB57AFD51A50}.Release|x64.ActiveCfg = Release|Any CPU
		{4679CAEB-332C-4D70-A29F-EB57AFD51A50}.Release|x64.Build.0 = Release|Any CPU
		{4679CAEB-332C-4D70-A29F-EB57AFD51A50}.Release|x86.ActiveCfg = Release|Any CPU
		{4679CAEB-332C-4D70-A29F-EB57AFD51A50}.Release|x86.Build.0 = Release|Any CPU
		{62F91BB6-5C7C-4296-BC4A-13F124403BE2}.Debug|Any CPU.ActiveCfg = Debug|Any CPU
		{62F91BB6-5C7C-4296-BC4A-13F124403BE2}.Debug|Any CPU.Build.0 = Debug|Any CPU
		{62F91BB6-5C7C-4296-BC4A-13F124403BE2}.Debug|x64.ActiveCfg = Debug|Any CPU
		{62F91BB6-5C7C-4296-BC4A-13F124403BE2}.Debug|x64.Build.0 = Debug|Any CPU
		{62F91BB6-5C7C-4296-BC4A-13F124403BE2}.Debug|x86.ActiveCfg = Debug|Any CPU
		{62F91BB6-5C7C-4296-BC4A-13F124403BE2}.Debug|x86.Build.0 = Debug|Any CPU
		{62F91BB6-5C7C-4296-BC4A-13F124403BE2}.Release|Any CPU.ActiveCfg = Release|Any CPU
		{62F91BB6-5C7C-4296-BC4A-13F124403BE2}.Release|Any CPU.Build.0 = Release|Any CPU
		{62F91BB6-5C7C-4296-BC4A-13F124403BE2}.Release|x64.ActiveCfg = Release|Any CPU
		{62F91BB6-5C7C-4296-BC4A-13F124403BE2}.Release|x64.Build.0 = Release|Any CPU
		{62F91BB6-5C7C-4296-BC4A-13F124403BE2}.Release|x86.ActiveCfg = Release|Any CPU
		{62F91BB6-5C7C-4296-BC4A-13F124403BE2}.Release|x86.Build.0 = Release|Any CPU
		{787FA40B-01D8-457C-A00A-7B1F1E8D827E}.Debug|Any CPU.ActiveCfg = Debug|Any CPU
		{787FA40B-01D8-457C-A00A-7B1F1E8D827E}.Debug|Any CPU.Build.0 = Debug|Any CPU
		{787FA40B-01D8-457C-A00A-7B1F1E8D827E}.Debug|x64.ActiveCfg = Debug|Any CPU
		{787FA40B-01D8-457C-A00A-7B1F1E8D827E}.Debug|x64.Build.0 = Debug|Any CPU
		{787FA40B-01D8-457C-A00A-7B1F1E8D827E}.Debug|x86.ActiveCfg = Debug|Any CPU
		{787FA40B-01D8-457C-A00A-7B1F1E8D827E}.Debug|x86.Build.0 = Debug|Any CPU
		{787FA40B-01D8-457C-A00A-7B1F1E8D827E}.Release|Any CPU.ActiveCfg = Release|Any CPU
		{787FA40B-01D8-457C-A00A-7B1F1E8D827E}.Release|Any CPU.Build.0 = Release|Any CPU
		{787FA40B-01D8-457C-A00A-7B1F1E8D827E}.Release|x64.ActiveCfg = Release|Any CPU
		{787FA40B-01D8-457C-A00A-7B1F1E8D827E}.Release|x64.Build.0 = Release|Any CPU
		{787FA40B-01D8-457C-A00A-7B1F1E8D827E}.Release|x86.ActiveCfg = Release|Any CPU
		{787FA40B-01D8-457C-A00A-7B1F1E8D827E}.Release|x86.Build.0 = Release|Any CPU
		{723A837F-9439-4010-9272-1B8EA63584A4}.Debug|Any CPU.ActiveCfg = Debug|Any CPU
		{723A837F-9439-4010-9272-1B8EA63584A4}.Debug|Any CPU.Build.0 = Debug|Any CPU
		{723A837F-9439-4010-9272-1B8EA63584A4}.Debug|x64.ActiveCfg = Debug|Any CPU
		{723A837F-9439-4010-9272-1B8EA63584A4}.Debug|x64.Build.0 = Debug|Any CPU
		{723A837F-9439-4010-9272-1B8EA63584A4}.Debug|x86.ActiveCfg = Debug|Any CPU
		{723A837F-9439-4010-9272-1B8EA63584A4}.Debug|x86.Build.0 = Debug|Any CPU
		{723A837F-9439-4010-9272-1B8EA63584A4}.Release|Any CPU.ActiveCfg = Release|Any CPU
		{723A837F-9439-4010-9272-1B8EA63584A4}.Release|Any CPU.Build.0 = Release|Any CPU
		{723A837F-9439-4010-9272-1B8EA63584A4}.Release|x64.ActiveCfg = Release|Any CPU
		{723A837F-9439-4010-9272-1B8EA63584A4}.Release|x64.Build.0 = Release|Any CPU
		{723A837F-9439-4010-9272-1B8EA63584A4}.Release|x86.ActiveCfg = Release|Any CPU
		{723A837F-9439-4010-9272-1B8EA63584A4}.Release|x86.Build.0 = Release|Any CPU
		{60391A61-CB9A-4EFE-B289-4CA797E3A170}.Debug|Any CPU.ActiveCfg = Debug|Any CPU
		{60391A61-CB9A-4EFE-B289-4CA797E3A170}.Debug|Any CPU.Build.0 = Debug|Any CPU
		{60391A61-CB9A-4EFE-B289-4CA797E3A170}.Debug|x64.ActiveCfg = Debug|Any CPU
		{60391A61-CB9A-4EFE-B289-4CA797E3A170}.Debug|x64.Build.0 = Debug|Any CPU
		{60391A61-CB9A-4EFE-B289-4CA797E3A170}.Debug|x86.ActiveCfg = Debug|Any CPU
		{60391A61-CB9A-4EFE-B289-4CA797E3A170}.Debug|x86.Build.0 = Debug|Any CPU
		{60391A61-CB9A-4EFE-B289-4CA797E3A170}.Release|Any CPU.ActiveCfg = Release|Any CPU
		{60391A61-CB9A-4EFE-B289-4CA797E3A170}.Release|Any CPU.Build.0 = Release|Any CPU
		{60391A61-CB9A-4EFE-B289-4CA797E3A170}.Release|x64.ActiveCfg = Release|Any CPU
		{60391A61-CB9A-4EFE-B289-4CA797E3A170}.Release|x64.Build.0 = Release|Any CPU
		{60391A61-CB9A-4EFE-B289-4CA797E3A170}.Release|x86.ActiveCfg = Release|Any CPU
		{60391A61-CB9A-4EFE-B289-4CA797E3A170}.Release|x86.Build.0 = Release|Any CPU
		{D55D3805-8170-465A-9B26-809548E70BBF}.Debug|Any CPU.ActiveCfg = Debug|Any CPU
		{D55D3805-8170-465A-9B26-809548E70BBF}.Debug|Any CPU.Build.0 = Debug|Any CPU
		{D55D3805-8170-465A-9B26-809548E70BBF}.Debug|x64.ActiveCfg = Debug|Any CPU
		{D55D3805-8170-465A-9B26-809548E70BBF}.Debug|x64.Build.0 = Debug|Any CPU
		{D55D3805-8170-465A-9B26-809548E70BBF}.Debug|x86.ActiveCfg = Debug|Any CPU
		{D55D3805-8170-465A-9B26-809548E70BBF}.Debug|x86.Build.0 = Debug|Any CPU
		{D55D3805-8170-465A-9B26-809548E70BBF}.Release|Any CPU.ActiveCfg = Release|Any CPU
		{D55D3805-8170-465A-9B26-809548E70BBF}.Release|Any CPU.Build.0 = Release|Any CPU
		{D55D3805-8170-465A-9B26-809548E70BBF}.Release|x64.ActiveCfg = Release|Any CPU
		{D55D3805-8170-465A-9B26-809548E70BBF}.Release|x64.Build.0 = Release|Any CPU
		{D55D3805-8170-465A-9B26-809548E70BBF}.Release|x86.ActiveCfg = Release|Any CPU
		{D55D3805-8170-465A-9B26-809548E70BBF}.Release|x86.Build.0 = Release|Any CPU
	EndGlobalSection
	GlobalSection(SolutionProperties) = preSolution
		HideSolutionNode = FALSE
	EndGlobalSection
	GlobalSection(NestedProjects) = preSolution
		{D624439F-248C-452A-9E1F-6F683BC71835} = {827E0CD3-B72D-47B6-A68D-7590B98EB39B}
		{10ACE193-F185-4419-A7D2-75B1C31E1389} = {827E0CD3-B72D-47B6-A68D-7590B98EB39B}
		{1F84AB41-2117-4E8A-9EE4-691F1558E481} = {827E0CD3-B72D-47B6-A68D-7590B98EB39B}
		{E006F744-2150-4B3D-A701-679349B25DF1} = {0AB3BF05-4346-4AA6-1389-037BE0695223}
	EndGlobalSection
EndGlobal
